
Microsoft Visual Studio Solution File, Format Version 11.00
# Visual Studio 2010
Project("{8BC9CEB8-8B4A-11D0-8D11-00A0C91BC942}") = "OpenQQ", "OpenQQ\OpenQQ.vcxproj", "{DF52125B-E7BB-4497-8B24-1991029C4701}"
EndProject
Global
	GlobalSection(SolutionConfigurationPlatforms) = preSolution
		Debug|Win32 = Debug|Win32
		Release|Win32 = Release|Win32
	EndGlobalSection
	GlobalSection(ProjectConfigurationPlatforms) = postSolution
		{DF52125B-E7BB-4497-8B24-1991029C4701}.Debug|Win32.ActiveCfg = Debug|Win32
		{DF52125B-E7BB-4497-8B24-1991029C4701}.Debug|Win32.Build.0 = Debug|Win32
		{DF52125B-E7BB-4497-8B24-1991029C4701}.Release|Win32.ActiveCfg = Release|Win32
		{DF52125B-E7BB-4497-8B24-1991029C4701}.Release|Win32.Build.0 = Release|Win32
	EndGlobalSection
	GlobalSection(SolutionProperties) = preSolution
		HideSolutionNode = FALSE
	EndGlobalSection
EndGlobal
